{
  "name": "rpi-people-counter",
  "version": "1.0.0",
  "lockfileVersion": 1,
  "requires": true,
  "dependencies": {
    "@types/chart.js": {
      "version": "2.7.50",
      "resolved": "https://registry.npmjs.org/@types/chart.js/-/chart.js-2.7.50.tgz",
      "integrity": "sha512-n9DUf8WR3eaoW9V2RQWkIjv+Jd9xFV532hLoyULmqes58R7j00UVwsBjxwB5J3cZFLtekMdYZAglZzBbNKI8Lw=="
    }
  }
}
